
Microsoft Visual Studio Solution File, Format Version 12.00
# Visual Studio Version 17
VisualStudioVersion = 17.3.32929.385
MinimumVisualStudioVersion = 10.0.40219.1
Project("{9A19103F-16F7-4668-BE54-9A1E7A4F7556}") = "MVC_Database", "MVC_Database.csproj", "{8E8202EF-8C28-43FA-BD0C-11BE6670821A}"
EndProject
Global
	GlobalSection(SolutionConfigurationPlatforms) = preSolution
		Debug|Any CPU = Debug|Any CPU
		Release|Any CPU = Release|Any CPU
	EndGlobalSection
	GlobalSection(ProjectConfigurationPlatforms) = postSolution
		{8E8202EF-8C28-43FA-BD0C-11BE6670821A}.Debug|Any CPU.ActiveCfg = Debug|Any CPU
		{8E8202EF-8C28-43FA-BD0C-11BE6670821A}.Debug|Any CPU.Build.0 = Debug|Any CPU
		{8E8202EF-8C28-43FA-BD0C-11BE6670821A}.Release|Any CPU.ActiveCfg = Release|Any CPU
		{8E8202EF-8C28-43FA-BD0C-11BE6670821A}.Release|Any CPU.Build.0 = Release|Any CPU
	EndGlobalSection
	GlobalSection(SolutionProperties) = preSolution
		HideSolutionNode = FALSE
	EndGlobalSection
	GlobalSection(ExtensibilityGlobals) = postSolution
		SolutionGuid = {091A81BE-C001-45F5-B116-F849E0A50F39}
	EndGlobalSection
EndGlobal
